
Microsoft Visual Studio Solution File, Format Version 12.00
# Visual Studio Version 16
VisualStudioVersion = 16.0.30907.101
MinimumVisualStudioVersion = 10.0.40219.1
Project("{9A19103F-16F7-4668-BE54-9A1E7A4F7556}") = "BookApp", "BookApp\BookApp.csproj", "{79A81A48-43DC-4AFA-AFC5-50F467822484}"
EndProject
Project("{9A19103F-16F7-4668-BE54-9A1E7A4F7556}") = "Database", "Database\Database.csproj", "{03988244-F02B-47B6-8166-10859A0BA2FB}"
EndProject
Global
	GlobalSection(SolutionConfigurationPlatforms) = preSolution
		Debug|Any CPU = Debug|Any CPU
		Release|Any CPU = Release|Any CPU
	EndGlobalSection
	GlobalSection(ProjectConfigurationPlatforms) = postSolution
		{79A81A48-43DC-4AFA-AFC5-50F467822484}.Debug|Any CPU.ActiveCfg = Debug|Any CPU
		{79A81A48-43DC-4AFA-AFC5-50F467822484}.Debug|Any CPU.Build.0 = Debug|Any CPU
		{79A81A48-43DC-4AFA-AFC5-50F467822484}.Release|Any CPU.ActiveCfg = Release|Any CPU
		{79A81A48-43DC-4AFA-AFC5-50F467822484}.Release|Any CPU.Build.0 = Release|Any CPU
		{03988244-F02B-47B6-8166-10859A0BA2FB}.Debug|Any CPU.ActiveCfg = Debug|Any CPU
		{03988244-F02B-47B6-8166-10859A0BA2FB}.Debug|Any CPU.Build.0 = Debug|Any CPU
		{03988244-F02B-47B6-8166-10859A0BA2FB}.Release|Any CPU.ActiveCfg = Release|Any CPU
		{03988244-F02B-47B6-8166-10859A0BA2FB}.Release|Any CPU.Build.0 = Release|Any CPU
	EndGlobalSection
	GlobalSection(SolutionProperties) = preSolution
		HideSolutionNode = FALSE
	EndGlobalSection
	GlobalSection(ExtensibilityGlobals) = postSolution
		SolutionGuid = {18BE65F6-2BC9-4E08-84E2-486368752FE6}
	EndGlobalSection
EndGlobal
